
Microsoft Visual Studio Solution File, Format Version 12.00
# Visual Studio 15
VisualStudioVersion = 15.0.28010.2026
MinimumVisualStudioVersion = 10.0.40219.1
Project("{FAE04EC0-301F-11D3-BF4B-00C04F79EFBC}") = "trabalhoAS", "m17E_N18_stone\trabalhoAS.csproj", "{EA017260-B485-4621-B381-42DB92AF0AD8}"
EndProject
Global
	GlobalSection(SolutionConfigurationPlatforms) = preSolution
		Debug|Any CPU = Debug|Any CPU
		Release|Any CPU = Release|Any CPU
	EndGlobalSection
	GlobalSection(ProjectConfigurationPlatforms) = postSolution
		{EA017260-B485-4621-B381-42DB92AF0AD8}.Debug|Any CPU.ActiveCfg = Debug|Any CPU
		{EA017260-B485-4621-B381-42DB92AF0AD8}.Debug|Any CPU.Build.0 = Debug|Any CPU
		{EA017260-B485-4621-B381-42DB92AF0AD8}.Release|Any CPU.ActiveCfg = Release|Any CPU
		{EA017260-B485-4621-B381-42DB92AF0AD8}.Release|Any CPU.Build.0 = Release|Any CPU
	EndGlobalSection
	GlobalSection(SolutionProperties) = preSolution
		HideSolutionNode = FALSE
	EndGlobalSection
	GlobalSection(ExtensibilityGlobals) = postSolution
		SolutionGuid = {C982BF3F-28D5-4148-943F-AC6DD59AA406}
	EndGlobalSection
EndGlobal
